
Microsoft Visual Studio Solution File, Format Version 12.00
# Visual Studio 2013
VisualStudioVersion = 12.0.30501.0
MinimumVisualStudioVersion = 10.0.40219.1
Project("{FAE04EC0-301F-11D3-BF4B-00C04F79EFBC}") = "DbUnitTestDemo", "DbUnitTestDemo\DbUnitTestDemo.csproj", "{BCAB3147-B629-4449-A9D6-CFF2864D6286}"
EndProject
Project("{FAE04EC0-301F-11D3-BF4B-00C04F79EFBC}") = "UnitTests", "UnitTests\UnitTests.csproj", "{1C9E2B3D-7033-4915-AFEC-23F7D1F0003B}"
EndProject
Project("{FAE04EC0-301F-11D3-BF4B-00C04F79EFBC}") = "PowerShellExtensions", "PowerShellExtensions\PowerShellExtensions.csproj", "{93B345C9-16D5-42D3-A747-6B5ECC6C9576}"
EndProject
Global
	GlobalSection(SolutionConfigurationPlatforms) = preSolution
		Debug|Any CPU = Debug|Any CPU
		Release|Any CPU = Release|Any CPU
	EndGlobalSection
	GlobalSection(ProjectConfigurationPlatforms) = postSolution
		{BCAB3147-B629-4449-A9D6-CFF2864D6286}.Debug|Any CPU.ActiveCfg = Debug|Any CPU
		{BCAB3147-B629-4449-A9D6-CFF2864D6286}.Debug|Any CPU.Build.0 = Debug|Any CPU
		{BCAB3147-B629-4449-A9D6-CFF2864D6286}.Release|Any CPU.ActiveCfg = Release|Any CPU
		{BCAB3147-B629-4449-A9D6-CFF2864D6286}.Release|Any CPU.Build.0 = Release|Any CPU
		{1C9E2B3D-7033-4915-AFEC-23F7D1F0003B}.Debug|Any CPU.ActiveCfg = Debug|Any CPU
		{1C9E2B3D-7033-4915-AFEC-23F7D1F0003B}.Debug|Any CPU.Build.0 = Debug|Any CPU
		{1C9E2B3D-7033-4915-AFEC-23F7D1F0003B}.Release|Any CPU.ActiveCfg = Release|Any CPU
		{1C9E2B3D-7033-4915-AFEC-23F7D1F0003B}.Release|Any CPU.Build.0 = Release|Any CPU
		{93B345C9-16D5-42D3-A747-6B5ECC6C9576}.Debug|Any CPU.ActiveCfg = Debug|Any CPU
		{93B345C9-16D5-42D3-A747-6B5ECC6C9576}.Debug|Any CPU.Build.0 = Debug|Any CPU
		{93B345C9-16D5-42D3-A747-6B5ECC6C9576}.Release|Any CPU.ActiveCfg = Release|Any CPU
		{93B345C9-16D5-42D3-A747-6B5ECC6C9576}.Release|Any CPU.Build.0 = Release|Any CPU
	EndGlobalSection
	GlobalSection(SolutionProperties) = preSolution
		HideSolutionNode = FALSE
	EndGlobalSection
EndGlobal
